// !$*UTF8*$!
{
	archiveVersion = 1;
	classes = {
	};
	objectVersion = 46;
	objects = {

/* Begin PBXBuildFile section */
		DC87532F1C3E1FA2002DC63A /* AppDelegate.swift in Sources */ = {isa = PBXBuildFile; fileRef = DC87532E1C3E1FA2002DC63A /* AppDelegate.swift */; };
		DC8753311C3E1FA2002DC63A /* ViewController.swift in Sources */ = {isa = PBXBuildFile; fileRef = DC8753301C3E1FA2002DC63A /* ViewController.swift */; };
		DC8753341C3E1FA2002DC63A /* Main.storyboard in Resources */ = {isa = PBXBuildFile; fileRef = DC8753321C3E1FA2002DC63A /* Main.storyboard */; };
		DC8753361C3E1FA2002DC63A /* Assets.xcassets in Resources */ = {isa = PBXBuildFile; fileRef = DC8753351C3E1FA2002DC63A /* Assets.xcassets */; };
		DC8753391C3E1FA2002DC63A /* LaunchScreen.storyboard in Resources */ = {isa = PBXBuildFile; fileRef = DC8753371C3E1FA2002DC63A /* LaunchScreen.storyboard */; };
		DC8753441C3E1FA2002DC63A /* ToolbarSampleTests.swift in Sources */ = {isa = PBXBuildFile; fileRef = DC8753431C3E1FA2002DC63A /* ToolbarSampleTests.swift */; };
		DC87534F1C3E1FA2002DC63A /* ToolbarSampleUITests.swift in Sources */ = {isa = PBXBuildFile; fileRef = DC87534E1C3E1FA2002DC63A /* ToolbarSampleUITests.swift */; };
/* End PBXBuildFile section */

/* Begin PBXContainerItemProxy section */
		DC8753401C3E1FA2002DC63A /* PBXContainerItemProxy */ = {
			isa = PBXContainerItemProxy;
			containerPortal = DC8753231C3E1FA2002DC63A /* Project object */;
			proxyType = 1;
			remoteGlobalIDString = DC87532A1C3E1FA2002DC63A;
			remoteInfo = ToolbarSample;
		};
		DC87534B1C3E1FA2002DC63A /* PBXContainerItemProxy */ = {
			isa = PBXContainerItemProxy;
			containerPortal = DC8753231C3E1FA2002DC63A /* Project object */;
			proxyType = 1;
			remoteGlobalIDString = DC87532A1C3E1FA2002DC63A;
			remoteInfo = ToolbarSample;
		};
/* End PBXContainerItemProxy section */

/* Begin PBXFileReference section */
		DC87532B1C3E1FA2002DC63A /* ToolbarSample.app */ = {isa = PBXFileReference; explicitFileType = wrapper.application; includeInIndex = 0; path = ToolbarSample.app; sourceTree = BUILT_PRODUCTS_DIR; };
		DC87532E1C3E1FA2002DC63A /* AppDelegate.swift */ = {isa = PBXFileReference; lastKnownFileType = sourcecode.swift; path = AppDelegate.swift; sourceTree = "<group>"; };
		DC8753301C3E1FA2002DC63A /* ViewController.swift */ = {isa = PBXFileReference; lastKnownFileType = sourcecode.swift; path = ViewController.swift; sourceTree = "<group>"; };
		DC8753331C3E1FA2002DC63A /* Base */ = {isa = PBXFileReference; lastKnownFileType = file.storyboard; name = Base; path = Base.lproj/Main.storyboard; sourceTree = "<group>"; };
		DC8753351C3E1FA2002DC63A /* Assets.xcassets */ = {isa = PBXFileReference; lastKnownFileType = folder.assetcatalog; path = Assets.xcassets; sourceTree = "<group>"; };
		DC8753381C3E1FA2002DC63A /* Base */ = {isa = PBXFileReference; lastKnownFileType = file.storyboard; name = Base; path = Base.lproj/LaunchScreen.storyboard; sourceTree = "<group>"; };
		DC87533A1C3E1FA2002DC63A /* Info.plist */ = {isa = PBXFileReference; lastKnownFileType = text.plist.xml; path = Info.plist; sourceTree = "<group>"; };
		DC87533F1C3E1FA2002DC63A /* ToolbarSampleTests.xctest */ = {isa = PBXFileReference; explicitFileType = wrapper.cfbundle; includeInIndex = 0; path = ToolbarSampleTests.xctest; sourceTree = BUILT_PRODUCTS_DIR; };
		DC8753431C3E1FA2002DC63A /* ToolbarSampleTests.swift */ = {isa = PBXFileReference; lastKnownFileType = sourcecode.swift; path = ToolbarSampleTests.swift; sourceTree = "<group>"; };
		DC8753451C3E1FA2002DC63A /* Info.plist */ = {isa = PBXFileReference; lastKnownFileType = text.plist.xml; path = Info.plist; sourceTree = "<group>"; };
		DC87534A1C3E1FA2002DC63A /* ToolbarSampleUITests.xctest */ = {isa = PBXFileReference; explicitFileType = wrapper.cfbundle; includeInIndex = 0; path = ToolbarSampleUITests.xctest; sourceTree = BUILT_PRODUCTS_DIR; };
		DC87534E1C3E1FA2002DC63A /* ToolbarSampleUITests.swift */ = {isa = PBXFileReference; lastKnownFileType = sourcecode.swift; path = ToolbarSampleUITests.swift; sourceTree = "<group>"; };
		DC8753501C3E1FA2002DC63A /* Info.plist */ = {isa = PBXFileReference; lastKnownFileType = text.plist.xml; path = Info.plist; sourceTree = "<group>"; };
/* End PBXFileReference section */

/* Begin PBXFrameworksBuildPhase section */
		DC8753281C3E1FA2002DC63A /* Frameworks */ = {
			isa = PBXFrameworksBuildPhase;
			buildActionMask = 2147483647;
			files = (
			);
			runOnlyForDeploymentPostprocessing = 0;
		};
		DC87533C1C3E1FA2002DC63A /* Frameworks */ = {
			isa = PBXFrameworksBuildPhase;
			buildActionMask = 2147483647;
			files = (
			);
			runOnlyForDeploymentPostprocessing = 0;
		};
		DC8753471C3E1FA2002DC63A /* Frameworks */ = {
			isa = PBXFrameworksBuildPhase;
			buildActionMask = 2147483647;
			files = (
			);
			runOnlyForDeploymentPostprocessing = 0;
		};
/* End PBXFrameworksBuildPhase section */

/* Begin PBXGroup section */
		DC8753221C3E1FA2002DC63A = {
			isa = PBXGroup;
			children = (
				DC87532D1C3E1FA2002DC63A /* ToolbarSample */,
				DC8753421C3E1FA2002DC63A /* ToolbarSampleTests */,
				DC87534D1C3E1FA2002DC63A /* ToolbarSampleUITests */,
				DC87532C1C3E1FA2002DC63A /* Products */,
			);
			sourceTree = "<group>";
		};
		DC87532C1C3E1FA2002DC63A /* Products */ = {
			isa = PBXGroup;
			children = (
				DC87532B1C3E1FA2002DC63A /* ToolbarSample.app */,
				DC87533F1C3E1FA2002DC63A /* ToolbarSampleTests.xctest */,
				DC87534A1C3E1FA2002DC63A /* ToolbarSampleUITests.xctest */,
			);
			name = Products;
			sourceTree = "<group>";
		};
		DC87532D1C3E1FA2002DC63A /* ToolbarSample */ = {
			isa = PBXGroup;
			children = (
				DC87532E1C3E1FA2002DC63A /* AppDelegate.swift */,
				DC8753301C3E1FA2002DC63A /* ViewController.swift */,
				DC8753321C3E1FA2002DC63A /* Main.storyboard */,
				DC8753351C3E1FA2002DC63A /* Assets.xcassets */,
				DC8753371C3E1FA2002DC63A /* LaunchScreen.storyboard */,
				DC87533A1C3E1FA2002DC63A /* Info.plist */,
			);
			path = ToolbarSample;
			sourceTree = "<group>";
		};
		DC8753421C3E1FA2002DC63A /* ToolbarSampleTests */ = {
			isa = PBXGroup;
			children = (
				DC8753431C3E1FA2002DC63A /* ToolbarSampleTests.swift */,
				DC8753451C3E1FA2002DC63A /* Info.plist */,
			);
			path = ToolbarSampleTests;
			sourceTree = "<group>";
		};
		DC87534D1C3E1FA2002DC63A /* ToolbarSampleUITests */ = {
			isa = PBXGroup;
			children = (
				DC87534E1C3E1FA2002DC63A /* ToolbarSampleUITests.swift */,
				DC8753501C3E1FA2002DC63A /* Info.plist */,
			);
			path = ToolbarSampleUITests;
			sourceTree = "<group>";
		};
/* End PBXGroup section */

/* Begin PBXNativeTarget section */
		DC87532A1C3E1FA2002DC63A /* ToolbarSample */ = {
			isa = PBXNativeTarget;
			buildConfigurationList = DC8753531C3E1FA2002DC63A /* Build configuration list for PBXNativeTarget "ToolbarSample" */;
			buildPhases = (
				DC8753271C3E1FA2002DC63A /* Sources */,
				DC8753281C3E1FA2002DC63A /* Frameworks */,
				DC8753291C3E1FA2002DC63A /* Resources */,
			);
			buildRules = (
			);
			dependencies = (
			);
			name = ToolbarSample;
			productName = ToolbarSample;
			productReference = DC87532B1C3E1FA2002DC63A /* ToolbarSample.app */;
			productType = "com.apple.product-type.application";
		};
		DC87533E1C3E1FA2002DC63A /* ToolbarSampleTests */ = {
			isa = PBXNativeTarget;
			buildConfigurationList = DC8753561C3E1FA2002DC63A /* Build configuration list for PBXNativeTarget "ToolbarSampleTests" */;
			buildPhases = (
				DC87533B1C3E1FA2002DC63A /* Sources */,
				DC87533C1C3E1FA2002DC63A /* Frameworks */,
				DC87533D1C3E1FA2002DC63A /* Resources */,
			);
			buildRules = (
			);
			dependencies = (
				DC8753411C3E1FA2002DC63A /* PBXTargetDependency */,
			);
			name = ToolbarSampleTests;
			productName = ToolbarSampleTests;
			productReference = DC87533F1C3E1FA2002DC63A /* ToolbarSampleTests.xctest */;
			productType = "com.apple.product-type.bundle.unit-test";
		};
		DC8753491C3E1FA2002DC63A /* ToolbarSampleUITests */ = {
			isa = PBXNativeTarget;
			buildConfigurationList = DC8753591C3E1FA2002DC63A /* Build configuration list for PBXNativeTarget "ToolbarSampleUITests" */;
			buildPhases = (
				DC8753461C3E1FA2002DC63A /* Sources */,
				DC8753471C3E1FA2002DC63A /* Frameworks */,
				DC8753481C3E1FA2002DC63A /* Resources */,
			);
			buildRules = (
			);
			dependencies = (
				DC87534C1C3E1FA2002DC63A /* PBXTargetDependency */,
			);
			name = ToolbarSampleUITests;
			productName = ToolbarSampleUITests;
			productReference = DC87534A1C3E1FA2002DC63A /* ToolbarSampleUITests.xctest */;
			productType = "com.apple.product-type.bundle.ui-testing";
		};
/* End PBXNativeTarget section */

/* Begin PBXProject section */
		DC8753231C3E1FA2002DC63A /* Project object */ = {
			isa = PBXProject;
			attributes = {
				LastSwiftUpdateCheck = 0720;
				LastUpgradeCheck = 0720;
				ORGANIZATIONNAME = Windson;
				TargetAttributes = {
					DC87532A1C3E1FA2002DC63A = {
						CreatedOnToolsVersion = 7.2;
						DevelopmentTeam = 8834TCZAA5;
					};
					DC87533E1C3E1FA2002DC63A = {
						CreatedOnToolsVersion = 7.2;
						DevelopmentTeam = 8834TCZAA5;
						TestTargetID = DC87532A1C3E1FA2002DC63A;
					};
					DC8753491C3E1FA2002DC63A = {
						CreatedOnToolsVersion = 7.2;
						DevelopmentTeam = 8834TCZAA5;
						TestTargetID = DC87532A1C3E1FA2002DC63A;
					};
				};
			};
			buildConfigurationList = DC8753261C3E1FA2002DC63A /* Build configuration list for PBXProject "ToolbarSample" */;
			compatibilityVersion = "Xcode 3.2";
			developmentRegion = English;
			hasScannedForEncodings = 0;
			knownRegions = (
				en,
				Base,
			);
			mainGroup = DC8753221C3E1FA2002DC63A;
			productRefGroup = DC87532C1C3E1FA2002DC63A /* Products */;
			projectDirPath = "";
			projectRoot = "";
			targets = (
				DC87532A1C3E1FA2002DC63A /* ToolbarSample */,
				DC87533E1C3E1FA2002DC63A /* ToolbarSampleTests */,
				DC8753491C3E1FA2002DC63A /* ToolbarSampleUITests */,
			);
		};
/* End PBXProject section */

/* Begin PBXResourcesBuildPhase section */
		DC8753291C3E1FA2002DC63A /* Resources */ = {
			isa = PBXResourcesBuildPhase;
			buildActionMask = 2147483647;
			files = (
				DC8753391C3E1FA2002DC63A /* LaunchScreen.storyboard in Resources */,
				DC8753361C3E1FA2002DC63A /* Assets.xcassets in Resources */,
				DC8753341C3E1FA2002DC63A /* Main.storyboard in Resources */,
			);
			runOnlyForDeploymentPostprocessing = 0;
		};
		DC87533D1C3E1FA2002DC63A /* Resources */ = {
			isa = PBXResourcesBuildPhase;
			buildActionMask = 2147483647;
			files = (
			);
			runOnlyForDeploymentPostprocessing = 0;
		};
		DC8753481C3E1FA2002DC63A /* Resources */ = {
			isa = PBXResourcesBuildPhase;
			buildActionMask = 2147483647;
			files = (
			);
			runOnlyForDeploymentPostprocessing = 0;
		};
/* End PBXResourcesBuildPhase section */

/* Begin PBXSourcesBuildPhase section */
		DC8753271C3E1FA2002DC63A /* Sources */ = {
			isa = PBXSourcesBuildPhase;
			buildActionMask = 2147483647;
			files = (
				DC8753311C3E1FA2002DC63A /* ViewController.swift in Sources */,
				DC87532F1C3E1FA2002DC63A /* AppDelegate.swift in Sources */,
			);
			runOnlyForDeploymentPostprocessing = 0;
		};
		DC87533B1C3E1FA2002DC63A /* Sources */ = {
			isa = PBXSourcesBuildPhase;
			buildActionMask = 2147483647;
			files = (
				DC8753441C3E1FA2002DC63A /* ToolbarSampleTests.swift in Sources */,
			);
			runOnlyForDeploymentPostprocessing = 0;
		};
		DC8753461C3E1FA2002DC63A /* Sources */ = {
			isa = PBXSourcesBuildPhase;
			buildActionMask = 2147483647;
			files = (
				DC87534F1C3E1FA2002DC63A /* ToolbarSampleUITests.swift in Sources */,
			);
			runOnlyForDeploymentPostprocessing = 0;
		};
/* End PBXSourcesBuildPhase section */

/* Begin PBXTargetDependency section */
		DC8753411C3E1FA2002DC63A /* PBXTargetDependency */ = {
			isa = PBXTargetDependency;
			target = DC87532A1C3E1FA2002DC63A /* ToolbarSample */;
			targetProxy = DC8753401C3E1FA2002DC63A /* PBXContainerItemProxy */;
		};
		DC87534C1C3E1FA2002DC63A /* PBXTargetDependency */ = {
			isa = PBXTargetDependency;
			target = DC87532A1C3E1FA2002DC63A /* ToolbarSample */;
			targetProxy = DC87534B1C3E1FA2002DC63A /* PBXContainerItemProxy */;
		};
/* End PBXTargetDependency section */

/* Begin PBXVariantGroup section */
		DC8753321C3E1FA2002DC63A /* Main.storyboard */ = {
			isa = PBXVariantGroup;
			children = (
				DC8753331C3E1FA2002DC63A /* Base */,
			);
			name = Main.storyboard;
			sourceTree = "<group>";
		};
		DC8753371C3E1FA2002DC63A /* LaunchScreen.storyboard */ = {
			isa = PBXVariantGroup;
			children = (
				DC8753381C3E1FA2002DC63A /* Base */,
			);
			name = LaunchScreen.storyboard;
			sourceTree = "<group>";
		};
/* End PBXVariantGroup section */

/* Begin XCBuildConfiguration section */
		DC8753511C3E1FA2002DC63A /* Debug */ = {
			isa = XCBuildConfiguration;
			buildSettings = {
				ALWAYS_SEARCH_USER_PATHS = NO;
				CLANG_CXX_LANGUAGE_STANDARD = "gnu++0x";
				CLANG_CXX_LIBRARY = "libc++";
				CLANG_ENABLE_MODULES = YES;
				CLANG_ENABLE_OBJC_ARC = YES;
				CLANG_WARN_BOOL_CONVERSION = YES;
				CLANG_WARN_CONSTANT_CONVERSION = YES;
				CLANG_WARN_DIRECT_OBJC_ISA_USAGE = YES_ERROR;
				CLANG_WARN_EMPTY_BODY = YES;
				CLANG_WARN_ENUM_CONVERSION = YES;
				CLANG_WARN_INT_CONVERSION = YES;
				CLANG_WARN_OBJC_ROOT_CLASS = YES_ERROR;
				CLANG_WARN_UNREACHABLE_CODE = YES;
				CLANG_WARN__DUPLICATE_METHOD_MATCH = YES;
				"CODE_SIGN_IDENTITY[sdk=iphoneos*]" = "iPhone Developer";
				COPY_PHASE_STRIP = NO;
				DEBUG_INFORMATION_FORMAT = dwarf;
				ENABLE_STRICT_OBJC_MSGSEND = YES;
				ENABLE_TESTABILITY = YES;
				GCC_C_LANGUAGE_STANDARD = gnu99;
				GCC_DYNAMIC_NO_PIC = NO;
				GCC_NO_COMMON_BLOCKS = YES;
				GCC_OPTIMIZATION_LEVEL = 0;
				GCC_PREPROCESSOR_DEFINITIONS = (
					"DEBUG=1",
					"$(inherited)",
				);
				GCC_WARN_64_TO_32_BIT_CONVERSION = YES;
				GCC_WARN_ABOUT_RETURN_TYPE = YES_ERROR;
				GCC_WARN_UNDECLARED_SELECTOR = YES;
				GCC_WARN_UNINITIALIZED_AUTOS = YES_AGGRESSIVE;
				GCC_WARN_UNUSED_FUNCTION = YES;
				GCC_WARN_UNUSED_VARIABLE = YES;
				IPHONEOS_DEPLOYMENT_TARGET = 9.2;
				MTL_ENABLE_DEBUG_INFO = YES;
				ONLY_ACTIVE_ARCH = YES;
				SDKROOT = iphoneos;
				SWIFT_OPTIMIZATION_LEVEL = "-Onone";
				TARGETED_DEVICE_FAMILY = "1,2";
			};
			name = Debug;
		};
		DC8753521C3E1FA2002DC63A /* Release */ = {
			isa = XCBuildConfiguration;
			buildSettings = {
				ALWAYS_SEARCH_USER_PATHS = NO;
				CLANG_CXX_LANGUAGE_STANDARD = "gnu++0x";
				CLANG_CXX_LIBRARY = "libc++";
				CLANG_ENABLE_MODULES = YES;
				CLANG_ENABLE_OBJC_ARC = YES;
				CLANG_WARN_BOOL_CONVERSION = YES;
				CLANG_WARN_CONSTANT_CONVERSION = YES;
				CLANG_WARN_DIRECT_OBJC_ISA_USAGE = YES_ERROR;
				CLANG_WARN_EMPTY_BODY = YES;
				CLANG_WARN_ENUM_CONVERSION = YES;
				CLANG_WARN_INT_CONVERSION = YES;
				CLANG_WARN_OBJC_ROOT_CLASS = YES_ERROR;
				CLANG_WARN_UNREACHABLE_CODE = YES;
				CLANG_WARN__DUPLICATE_METHOD_MATCH = YES;
				"CODE_SIGN_IDENTITY[sdk=iphoneos*]" = "iPhone Developer";
				COPY_PHASE_STRIP = NO;
				DEBUG_INFORMATION_FORMAT = "dwarf-with-dsym";
				ENABLE_NS_ASSERTIONS = NO;
				ENABLE_STRICT_OBJC_MSGSEND = YES;
				GCC_C_LANGUAGE_STANDARD = gnu99;
				GCC_NO_COMMON_BLOCKS = YES;
				GCC_WARN_64_TO_32_BIT_CONVERSION = YES;
				GCC_WARN_ABOUT_RETURN_TYPE = YES_ERROR;
				GCC_WARN_UNDECLARED_SELECTOR = YES;
				GCC_WARN_UNINITIALIZED_AUTOS = YES_AGGRESSIVE;
				GCC_WARN_UNUSED_FUNCTION = YES;
				GCC_WARN_UNUSED_VARIABLE = YES;
				IPHONEOS_DEPLOYMENT_TARGET = 9.2;
				MTL_ENABLE_DEBUG_INFO = NO;
				SDKROOT = iphoneos;
				TARGETED_DEVICE_FAMILY = "1,2";
				VALIDATE_PRODUCT = YES;
			};
			name = Release;
		};
		DC8753541C3E1FA2002DC63A /* Debug */ = {
			isa = XCBuildConfiguration;
			buildSettings = {
				ASSETCATALOG_COMPILER_APPICON_NAME = AppIcon;
				INFOPLIST_FILE = ToolbarSample/Info.plist;
				LD_RUNPATH_SEARCH_PATHS = "$(inherited) @executable_path/Frameworks";
				PRODUCT_BUNDLE_IDENTIFIER = unicooo.ToolbarSample;
				PRODUCT_NAME = "$(TARGET_NAME)";
			};
			name = Debug;
		};
		DC8753551C3E1FA2002DC63A /* Release */ = {
			isa = XCBuildConfiguration;
			buildSettings = {
				ASSETCATALOG_COMPILER_APPICON_NAME = AppIcon;
				INFOPLIST_FILE = ToolbarSample/Info.plist;
				LD_RUNPATH_SEARCH_PATHS = "$(inherited) @executable_path/Frameworks";
				PRODUCT_BUNDLE_IDENTIFIER = unicooo.ToolbarSample;
				PRODUCT_NAME = "$(TARGET_NAME)";
			};
			name = Release;
		};
		DC8753571C3E1FA2002DC63A /* Debug */ = {
			isa = XCBuildConfiguration;
			buildSettings = {
				BUNDLE_LOADER = "$(TEST_HOST)";
				INFOPLIST_FILE = ToolbarSampleTests/Info.plist;
				LD_RUNPATH_SEARCH_PATHS = "$(inherited) @executable_path/Frameworks @loader_path/Frameworks";
				PRODUCT_BUNDLE_IDENTIFIER = unicooo.ToolbarSampleTests;
				PRODUCT_NAME = "$(TARGET_NAME)";
				TEST_HOST = "$(BUILT_PRODUCTS_DIR)/ToolbarSample.app/ToolbarSample";
			};
			name = Debug;
		};
		DC8753581C3E1FA2002DC63A /* Release */ = {
			isa = XCBuildConfiguration;
			buildSettings = {
				BUNDLE_LOADER = "$(TEST_HOST)";
				INFOPLIST_FILE = ToolbarSampleTests/Info.plist;
				LD_RUNPATH_SEARCH_PATHS = "$(inherited) @executable_path/Frameworks @loader_path/Frameworks";
				PRODUCT_BUNDLE_IDENTIFIER = unicooo.ToolbarSampleTests;
				PRODUCT_NAME = "$(TARGET_NAME)";
				TEST_HOST = "$(BUILT_PRODUCTS_DIR)/ToolbarSample.app/ToolbarSample";
			};
			name = Release;
		};
		DC87535A1C3E1FA2002DC63A /* Debug */ = {
			isa = XCBuildConfiguration;
			buildSettings = {
				INFOPLIST_FILE = ToolbarSampleUITests/Info.plist;
				LD_RUNPATH_SEARCH_PATHS = "$(inherited) @executable_path/Frameworks @loader_path/Frameworks";
				PRODUCT_BUNDLE_IDENTIFIER = unicooo.ToolbarSampleUITests;
				PRODUCT_NAME = "$(TARGET_NAME)";
				TEST_TARGET_NAME = ToolbarSample;
				USES_XCTRUNNER = YES;
			};
			name = Debug;
		};
		DC87535B1C3E1FA2002DC63A /* Release */ = {
			isa = XCBuildConfiguration;
			buildSettings = {
				INFOPLIST_FILE = ToolbarSampleUITests/Info.plist;
				LD_RUNPATH_SEARCH_PATHS = "$(inherited) @executable_path/Frameworks @loader_path/Frameworks";
				PRODUCT_BUNDLE_IDENTIFIER = unicooo.ToolbarSampleUITests;
				PRODUCT_NAME = "$(TARGET_NAME)";
				TEST_TARGET_NAME = ToolbarSample;
				USES_XCTRUNNER = YES;
			};
			name = Release;
		};
/* End XCBuildConfiguration section */

/* Begin XCConfigurationList section */
		DC8753261C3E1FA2002DC63A /* Build configuration list for PBXProject "ToolbarSample" */ = {
			isa = XCConfigurationList;
			buildConfigurations = (
				DC8753511C3E1FA2002DC63A /* Debug */,
				DC8753521C3E1FA2002DC63A /* Release */,
			);
			defaultConfigurationIsVisible = 0;
			defaultConfigurationName = Release;
		};
		DC8753531C3E1FA2002DC63A /* Build configuration list for PBXNativeTarget "ToolbarSample" */ = {
			isa = XCConfigurationList;
			buildConfigurations = (
				DC8753541C3E1FA2002DC63A /* Debug */,
				DC8753551C3E1FA2002DC63A /* Release */,
			);
			defaultConfigurationIsVisible = 0;
		};
		DC8753561C3E1FA2002DC63A /* Build configuration list for PBXNativeTarget "ToolbarSampleTests" */ = {
			isa = XCConfigurationList;
			buildConfigurations = (
				DC8753571C3E1FA2002DC63A /* Debug */,
				DC8753581C3E1FA2002DC63A /* Release */,
			);
			defaultConfigurationIsVisible = 0;
		};
		DC8753591C3E1FA2002DC63A /* Build configuration list for PBXNativeTarget "ToolbarSampleUITests" */ = {
			isa = XCConfigurationList;
			buildConfigurations = (
				DC87535A1C3E1FA2002DC63A /* Debug */,
				DC87535B1C3E1FA2002DC63A /* Release */,
			);
			defaultConfigurationIsVisible = 0;
		};
/* End XCConfigurationList section */
	};
	rootObject = DC8753231C3E1FA2002DC63A /* Project object */;
}
