// !$*UTF8*$!
{
	archiveVersion = 1;
	classes = {
	};
	objectVersion = 46;
	objects = {

/* Begin PBXBuildFile section */
		DC14C6E41D00854E008D35B6 /* AppDelegate.swift in Sources */ = {isa = PBXBuildFile; fileRef = DC14C6E31D00854E008D35B6 /* AppDelegate.swift */; };
		DC14C6E61D00854E008D35B6 /* ViewController.swift in Sources */ = {isa = PBXBuildFile; fileRef = DC14C6E51D00854E008D35B6 /* ViewController.swift */; };
		DC14C6E91D00854E008D35B6 /* Main.storyboard in Resources */ = {isa = PBXBuildFile; fileRef = DC14C6E71D00854E008D35B6 /* Main.storyboard */; };
		DC14C6EB1D00854E008D35B6 /* Assets.xcassets in Resources */ = {isa = PBXBuildFile; fileRef = DC14C6EA1D00854E008D35B6 /* Assets.xcassets */; };
		DC14C6EE1D00854E008D35B6 /* LaunchScreen.storyboard in Resources */ = {isa = PBXBuildFile; fileRef = DC14C6EC1D00854E008D35B6 /* LaunchScreen.storyboard */; };
		DC14C6F91D00854E008D35B6 /* cameraTests.swift in Sources */ = {isa = PBXBuildFile; fileRef = DC14C6F81D00854E008D35B6 /* cameraTests.swift */; };
		DC14C7041D00854E008D35B6 /* cameraUITests.swift in Sources */ = {isa = PBXBuildFile; fileRef = DC14C7031D00854E008D35B6 /* cameraUITests.swift */; };
/* End PBXBuildFile section */

/* Begin PBXContainerItemProxy section */
		DC14C6F51D00854E008D35B6 /* PBXContainerItemProxy */ = {
			isa = PBXContainerItemProxy;
			containerPortal = DC14C6D81D00854E008D35B6 /* Project object */;
			proxyType = 1;
			remoteGlobalIDString = DC14C6DF1D00854E008D35B6;
			remoteInfo = camera;
		};
		DC14C7001D00854E008D35B6 /* PBXContainerItemProxy */ = {
			isa = PBXContainerItemProxy;
			containerPortal = DC14C6D81D00854E008D35B6 /* Project object */;
			proxyType = 1;
			remoteGlobalIDString = DC14C6DF1D00854E008D35B6;
			remoteInfo = camera;
		};
/* End PBXContainerItemProxy section */

/* Begin PBXFileReference section */
		DC14C6E01D00854E008D35B6 /* camera.app */ = {isa = PBXFileReference; explicitFileType = wrapper.application; includeInIndex = 0; path = camera.app; sourceTree = BUILT_PRODUCTS_DIR; };
		DC14C6E31D00854E008D35B6 /* AppDelegate.swift */ = {isa = PBXFileReference; lastKnownFileType = sourcecode.swift; path = AppDelegate.swift; sourceTree = "<group>"; };
		DC14C6E51D00854E008D35B6 /* ViewController.swift */ = {isa = PBXFileReference; lastKnownFileType = sourcecode.swift; path = ViewController.swift; sourceTree = "<group>"; };
		DC14C6E81D00854E008D35B6 /* Base */ = {isa = PBXFileReference; lastKnownFileType = file.storyboard; name = Base; path = Base.lproj/Main.storyboard; sourceTree = "<group>"; };
		DC14C6EA1D00854E008D35B6 /* Assets.xcassets */ = {isa = PBXFileReference; lastKnownFileType = folder.assetcatalog; path = Assets.xcassets; sourceTree = "<group>"; };
		DC14C6ED1D00854E008D35B6 /* Base */ = {isa = PBXFileReference; lastKnownFileType = file.storyboard; name = Base; path = Base.lproj/LaunchScreen.storyboard; sourceTree = "<group>"; };
		DC14C6EF1D00854E008D35B6 /* Info.plist */ = {isa = PBXFileReference; lastKnownFileType = text.plist.xml; path = Info.plist; sourceTree = "<group>"; };
		DC14C6F41D00854E008D35B6 /* cameraTests.xctest */ = {isa = PBXFileReference; explicitFileType = wrapper.cfbundle; includeInIndex = 0; path = cameraTests.xctest; sourceTree = BUILT_PRODUCTS_DIR; };
		DC14C6F81D00854E008D35B6 /* cameraTests.swift */ = {isa = PBXFileReference; lastKnownFileType = sourcecode.swift; path = cameraTests.swift; sourceTree = "<group>"; };
		DC14C6FA1D00854E008D35B6 /* Info.plist */ = {isa = PBXFileReference; lastKnownFileType = text.plist.xml; path = Info.plist; sourceTree = "<group>"; };
		DC14C6FF1D00854E008D35B6 /* cameraUITests.xctest */ = {isa = PBXFileReference; explicitFileType = wrapper.cfbundle; includeInIndex = 0; path = cameraUITests.xctest; sourceTree = BUILT_PRODUCTS_DIR; };
		DC14C7031D00854E008D35B6 /* cameraUITests.swift */ = {isa = PBXFileReference; lastKnownFileType = sourcecode.swift; path = cameraUITests.swift; sourceTree = "<group>"; };
		DC14C7051D00854E008D35B6 /* Info.plist */ = {isa = PBXFileReference; lastKnownFileType = text.plist.xml; path = Info.plist; sourceTree = "<group>"; };
/* End PBXFileReference section */

/* Begin PBXFrameworksBuildPhase section */
		DC14C6DD1D00854E008D35B6 /* Frameworks */ = {
			isa = PBXFrameworksBuildPhase;
			buildActionMask = 2147483647;
			files = (
			);
			runOnlyForDeploymentPostprocessing = 0;
		};
		DC14C6F11D00854E008D35B6 /* Frameworks */ = {
			isa = PBXFrameworksBuildPhase;
			buildActionMask = 2147483647;
			files = (
			);
			runOnlyForDeploymentPostprocessing = 0;
		};
		DC14C6FC1D00854E008D35B6 /* Frameworks */ = {
			isa = PBXFrameworksBuildPhase;
			buildActionMask = 2147483647;
			files = (
			);
			runOnlyForDeploymentPostprocessing = 0;
		};
/* End PBXFrameworksBuildPhase section */

/* Begin PBXGroup section */
		DC14C6D71D00854E008D35B6 = {
			isa = PBXGroup;
			children = (
				DC14C6E21D00854E008D35B6 /* camera */,
				DC14C6F71D00854E008D35B6 /* cameraTests */,
				DC14C7021D00854E008D35B6 /* cameraUITests */,
				DC14C6E11D00854E008D35B6 /* Products */,
			);
			sourceTree = "<group>";
		};
		DC14C6E11D00854E008D35B6 /* Products */ = {
			isa = PBXGroup;
			children = (
				DC14C6E01D00854E008D35B6 /* camera.app */,
				DC14C6F41D00854E008D35B6 /* cameraTests.xctest */,
				DC14C6FF1D00854E008D35B6 /* cameraUITests.xctest */,
			);
			name = Products;
			sourceTree = "<group>";
		};
		DC14C6E21D00854E008D35B6 /* camera */ = {
			isa = PBXGroup;
			children = (
				DC14C6E31D00854E008D35B6 /* AppDelegate.swift */,
				DC14C6E51D00854E008D35B6 /* ViewController.swift */,
				DC14C6E71D00854E008D35B6 /* Main.storyboard */,
				DC14C6EA1D00854E008D35B6 /* Assets.xcassets */,
				DC14C6EC1D00854E008D35B6 /* LaunchScreen.storyboard */,
				DC14C6EF1D00854E008D35B6 /* Info.plist */,
			);
			path = camera;
			sourceTree = "<group>";
		};
		DC14C6F71D00854E008D35B6 /* cameraTests */ = {
			isa = PBXGroup;
			children = (
				DC14C6F81D00854E008D35B6 /* cameraTests.swift */,
				DC14C6FA1D00854E008D35B6 /* Info.plist */,
			);
			path = cameraTests;
			sourceTree = "<group>";
		};
		DC14C7021D00854E008D35B6 /* cameraUITests */ = {
			isa = PBXGroup;
			children = (
				DC14C7031D00854E008D35B6 /* cameraUITests.swift */,
				DC14C7051D00854E008D35B6 /* Info.plist */,
			);
			path = cameraUITests;
			sourceTree = "<group>";
		};
/* End PBXGroup section */

/* Begin PBXNativeTarget section */
		DC14C6DF1D00854E008D35B6 /* camera */ = {
			isa = PBXNativeTarget;
			buildConfigurationList = DC14C7081D00854E008D35B6 /* Build configuration list for PBXNativeTarget "camera" */;
			buildPhases = (
				DC14C6DC1D00854E008D35B6 /* Sources */,
				DC14C6DD1D00854E008D35B6 /* Frameworks */,
				DC14C6DE1D00854E008D35B6 /* Resources */,
			);
			buildRules = (
			);
			dependencies = (
			);
			name = camera;
			productName = camera;
			productReference = DC14C6E01D00854E008D35B6 /* camera.app */;
			productType = "com.apple.product-type.application";
		};
		DC14C6F31D00854E008D35B6 /* cameraTests */ = {
			isa = PBXNativeTarget;
			buildConfigurationList = DC14C70B1D00854E008D35B6 /* Build configuration list for PBXNativeTarget "cameraTests" */;
			buildPhases = (
				DC14C6F01D00854E008D35B6 /* Sources */,
				DC14C6F11D00854E008D35B6 /* Frameworks */,
				DC14C6F21D00854E008D35B6 /* Resources */,
			);
			buildRules = (
			);
			dependencies = (
				DC14C6F61D00854E008D35B6 /* PBXTargetDependency */,
			);
			name = cameraTests;
			productName = cameraTests;
			productReference = DC14C6F41D00854E008D35B6 /* cameraTests.xctest */;
			productType = "com.apple.product-type.bundle.unit-test";
		};
		DC14C6FE1D00854E008D35B6 /* cameraUITests */ = {
			isa = PBXNativeTarget;
			buildConfigurationList = DC14C70E1D00854E008D35B6 /* Build configuration list for PBXNativeTarget "cameraUITests" */;
			buildPhases = (
				DC14C6FB1D00854E008D35B6 /* Sources */,
				DC14C6FC1D00854E008D35B6 /* Frameworks */,
				DC14C6FD1D00854E008D35B6 /* Resources */,
			);
			buildRules = (
			);
			dependencies = (
				DC14C7011D00854E008D35B6 /* PBXTargetDependency */,
			);
			name = cameraUITests;
			productName = cameraUITests;
			productReference = DC14C6FF1D00854E008D35B6 /* cameraUITests.xctest */;
			productType = "com.apple.product-type.bundle.ui-testing";
		};
/* End PBXNativeTarget section */

/* Begin PBXProject section */
		DC14C6D81D00854E008D35B6 /* Project object */ = {
			isa = PBXProject;
			attributes = {
				LastSwiftUpdateCheck = 0730;
				LastUpgradeCheck = 0730;
				ORGANIZATIONNAME = Windson;
				TargetAttributes = {
					DC14C6DF1D00854E008D35B6 = {
						CreatedOnToolsVersion = 7.3.1;
						DevelopmentTeam = 8834TCZAA5;
					};
					DC14C6F31D00854E008D35B6 = {
						CreatedOnToolsVersion = 7.3.1;
						DevelopmentTeam = 8834TCZAA5;
						TestTargetID = DC14C6DF1D00854E008D35B6;
					};
					DC14C6FE1D00854E008D35B6 = {
						CreatedOnToolsVersion = 7.3.1;
						DevelopmentTeam = 8834TCZAA5;
						TestTargetID = DC14C6DF1D00854E008D35B6;
					};
				};
			};
			buildConfigurationList = DC14C6DB1D00854E008D35B6 /* Build configuration list for PBXProject "camera" */;
			compatibilityVersion = "Xcode 3.2";
			developmentRegion = English;
			hasScannedForEncodings = 0;
			knownRegions = (
				en,
				Base,
			);
			mainGroup = DC14C6D71D00854E008D35B6;
			productRefGroup = DC14C6E11D00854E008D35B6 /* Products */;
			projectDirPath = "";
			projectRoot = "";
			targets = (
				DC14C6DF1D00854E008D35B6 /* camera */,
				DC14C6F31D00854E008D35B6 /* cameraTests */,
				DC14C6FE1D00854E008D35B6 /* cameraUITests */,
			);
		};
/* End PBXProject section */

/* Begin PBXResourcesBuildPhase section */
		DC14C6DE1D00854E008D35B6 /* Resources */ = {
			isa = PBXResourcesBuildPhase;
			buildActionMask = 2147483647;
			files = (
				DC14C6EE1D00854E008D35B6 /* LaunchScreen.storyboard in Resources */,
				DC14C6EB1D00854E008D35B6 /* Assets.xcassets in Resources */,
				DC14C6E91D00854E008D35B6 /* Main.storyboard in Resources */,
			);
			runOnlyForDeploymentPostprocessing = 0;
		};
		DC14C6F21D00854E008D35B6 /* Resources */ = {
			isa = PBXResourcesBuildPhase;
			buildActionMask = 2147483647;
			files = (
			);
			runOnlyForDeploymentPostprocessing = 0;
		};
		DC14C6FD1D00854E008D35B6 /* Resources */ = {
			isa = PBXResourcesBuildPhase;
			buildActionMask = 2147483647;
			files = (
			);
			runOnlyForDeploymentPostprocessing = 0;
		};
/* End PBXResourcesBuildPhase section */

/* Begin PBXSourcesBuildPhase section */
		DC14C6DC1D00854E008D35B6 /* Sources */ = {
			isa = PBXSourcesBuildPhase;
			buildActionMask = 2147483647;
			files = (
				DC14C6E61D00854E008D35B6 /* ViewController.swift in Sources */,
				DC14C6E41D00854E008D35B6 /* AppDelegate.swift in Sources */,
			);
			runOnlyForDeploymentPostprocessing = 0;
		};
		DC14C6F01D00854E008D35B6 /* Sources */ = {
			isa = PBXSourcesBuildPhase;
			buildActionMask = 2147483647;
			files = (
				DC14C6F91D00854E008D35B6 /* cameraTests.swift in Sources */,
			);
			runOnlyForDeploymentPostprocessing = 0;
		};
		DC14C6FB1D00854E008D35B6 /* Sources */ = {
			isa = PBXSourcesBuildPhase;
			buildActionMask = 2147483647;
			files = (
				DC14C7041D00854E008D35B6 /* cameraUITests.swift in Sources */,
			);
			runOnlyForDeploymentPostprocessing = 0;
		};
/* End PBXSourcesBuildPhase section */

/* Begin PBXTargetDependency section */
		DC14C6F61D00854E008D35B6 /* PBXTargetDependency */ = {
			isa = PBXTargetDependency;
			target = DC14C6DF1D00854E008D35B6 /* camera */;
			targetProxy = DC14C6F51D00854E008D35B6 /* PBXContainerItemProxy */;
		};
		DC14C7011D00854E008D35B6 /* PBXTargetDependency */ = {
			isa = PBXTargetDependency;
			target = DC14C6DF1D00854E008D35B6 /* camera */;
			targetProxy = DC14C7001D00854E008D35B6 /* PBXContainerItemProxy */;
		};
/* End PBXTargetDependency section */

/* Begin PBXVariantGroup section */
		DC14C6E71D00854E008D35B6 /* Main.storyboard */ = {
			isa = PBXVariantGroup;
			children = (
				DC14C6E81D00854E008D35B6 /* Base */,
			);
			name = Main.storyboard;
			sourceTree = "<group>";
		};
		DC14C6EC1D00854E008D35B6 /* LaunchScreen.storyboard */ = {
			isa = PBXVariantGroup;
			children = (
				DC14C6ED1D00854E008D35B6 /* Base */,
			);
			name = LaunchScreen.storyboard;
			sourceTree = "<group>";
		};
/* End PBXVariantGroup section */

/* Begin XCBuildConfiguration section */
		DC14C7061D00854E008D35B6 /* Debug */ = {
			isa = XCBuildConfiguration;
			buildSettings = {
				ALWAYS_SEARCH_USER_PATHS = NO;
				CLANG_ANALYZER_NONNULL = YES;
				CLANG_CXX_LANGUAGE_STANDARD = "gnu++0x";
				CLANG_CXX_LIBRARY = "libc++";
				CLANG_ENABLE_MODULES = YES;
				CLANG_ENABLE_OBJC_ARC = YES;
				CLANG_WARN_BOOL_CONVERSION = YES;
				CLANG_WARN_CONSTANT_CONVERSION = YES;
				CLANG_WARN_DIRECT_OBJC_ISA_USAGE = YES_ERROR;
				CLANG_WARN_EMPTY_BODY = YES;
				CLANG_WARN_ENUM_CONVERSION = YES;
				CLANG_WARN_INT_CONVERSION = YES;
				CLANG_WARN_OBJC_ROOT_CLASS = YES_ERROR;
				CLANG_WARN_UNREACHABLE_CODE = YES;
				CLANG_WARN__DUPLICATE_METHOD_MATCH = YES;
				"CODE_SIGN_IDENTITY[sdk=iphoneos*]" = "iPhone Developer";
				COPY_PHASE_STRIP = NO;
				DEBUG_INFORMATION_FORMAT = dwarf;
				ENABLE_STRICT_OBJC_MSGSEND = YES;
				ENABLE_TESTABILITY = YES;
				GCC_C_LANGUAGE_STANDARD = gnu99;
				GCC_DYNAMIC_NO_PIC = NO;
				GCC_NO_COMMON_BLOCKS = YES;
				GCC_OPTIMIZATION_LEVEL = 0;
				GCC_PREPROCESSOR_DEFINITIONS = (
					"DEBUG=1",
					"$(inherited)",
				);
				GCC_WARN_64_TO_32_BIT_CONVERSION = YES;
				GCC_WARN_ABOUT_RETURN_TYPE = YES_ERROR;
				GCC_WARN_UNDECLARED_SELECTOR = YES;
				GCC_WARN_UNINITIALIZED_AUTOS = YES_AGGRESSIVE;
				GCC_WARN_UNUSED_FUNCTION = YES;
				GCC_WARN_UNUSED_VARIABLE = YES;
				IPHONEOS_DEPLOYMENT_TARGET = 9.3;
				MTL_ENABLE_DEBUG_INFO = YES;
				ONLY_ACTIVE_ARCH = YES;
				SDKROOT = iphoneos;
				SWIFT_OPTIMIZATION_LEVEL = "-Onone";
			};
			name = Debug;
		};
		DC14C7071D00854E008D35B6 /* Release */ = {
			isa = XCBuildConfiguration;
			buildSettings = {
				ALWAYS_SEARCH_USER_PATHS = NO;
				CLANG_ANALYZER_NONNULL = YES;
				CLANG_CXX_LANGUAGE_STANDARD = "gnu++0x";
				CLANG_CXX_LIBRARY = "libc++";
				CLANG_ENABLE_MODULES = YES;
				CLANG_ENABLE_OBJC_ARC = YES;
				CLANG_WARN_BOOL_CONVERSION = YES;
				CLANG_WARN_CONSTANT_CONVERSION = YES;
				CLANG_WARN_DIRECT_OBJC_ISA_USAGE = YES_ERROR;
				CLANG_WARN_EMPTY_BODY = YES;
				CLANG_WARN_ENUM_CONVERSION = YES;
				CLANG_WARN_INT_CONVERSION = YES;
				CLANG_WARN_OBJC_ROOT_CLASS = YES_ERROR;
				CLANG_WARN_UNREACHABLE_CODE = YES;
				CLANG_WARN__DUPLICATE_METHOD_MATCH = YES;
				"CODE_SIGN_IDENTITY[sdk=iphoneos*]" = "iPhone Developer";
				COPY_PHASE_STRIP = NO;
				DEBUG_INFORMATION_FORMAT = "dwarf-with-dsym";
				ENABLE_NS_ASSERTIONS = NO;
				ENABLE_STRICT_OBJC_MSGSEND = YES;
				GCC_C_LANGUAGE_STANDARD = gnu99;
				GCC_NO_COMMON_BLOCKS = YES;
				GCC_WARN_64_TO_32_BIT_CONVERSION = YES;
				GCC_WARN_ABOUT_RETURN_TYPE = YES_ERROR;
				GCC_WARN_UNDECLARED_SELECTOR = YES;
				GCC_WARN_UNINITIALIZED_AUTOS = YES_AGGRESSIVE;
				GCC_WARN_UNUSED_FUNCTION = YES;
				GCC_WARN_UNUSED_VARIABLE = YES;
				IPHONEOS_DEPLOYMENT_TARGET = 9.3;
				MTL_ENABLE_DEBUG_INFO = NO;
				SDKROOT = iphoneos;
				VALIDATE_PRODUCT = YES;
			};
			name = Release;
		};
		DC14C7091D00854E008D35B6 /* Debug */ = {
			isa = XCBuildConfiguration;
			buildSettings = {
				ASSETCATALOG_COMPILER_APPICON_NAME = AppIcon;
				INFOPLIST_FILE = camera/Info.plist;
				LD_RUNPATH_SEARCH_PATHS = "$(inherited) @executable_path/Frameworks";
				PRODUCT_BUNDLE_IDENTIFIER = unicooo.camera;
				PRODUCT_NAME = "$(TARGET_NAME)";
			};
			name = Debug;
		};
		DC14C70A1D00854E008D35B6 /* Release */ = {
			isa = XCBuildConfiguration;
			buildSettings = {
				ASSETCATALOG_COMPILER_APPICON_NAME = AppIcon;
				INFOPLIST_FILE = camera/Info.plist;
				LD_RUNPATH_SEARCH_PATHS = "$(inherited) @executable_path/Frameworks";
				PRODUCT_BUNDLE_IDENTIFIER = unicooo.camera;
				PRODUCT_NAME = "$(TARGET_NAME)";
			};
			name = Release;
		};
		DC14C70C1D00854E008D35B6 /* Debug */ = {
			isa = XCBuildConfiguration;
			buildSettings = {
				BUNDLE_LOADER = "$(TEST_HOST)";
				INFOPLIST_FILE = cameraTests/Info.plist;
				LD_RUNPATH_SEARCH_PATHS = "$(inherited) @executable_path/Frameworks @loader_path/Frameworks";
				PRODUCT_BUNDLE_IDENTIFIER = unicooo.cameraTests;
				PRODUCT_NAME = "$(TARGET_NAME)";
				TEST_HOST = "$(BUILT_PRODUCTS_DIR)/camera.app/camera";
			};
			name = Debug;
		};
		DC14C70D1D00854E008D35B6 /* Release */ = {
			isa = XCBuildConfiguration;
			buildSettings = {
				BUNDLE_LOADER = "$(TEST_HOST)";
				INFOPLIST_FILE = cameraTests/Info.plist;
				LD_RUNPATH_SEARCH_PATHS = "$(inherited) @executable_path/Frameworks @loader_path/Frameworks";
				PRODUCT_BUNDLE_IDENTIFIER = unicooo.cameraTests;
				PRODUCT_NAME = "$(TARGET_NAME)";
				TEST_HOST = "$(BUILT_PRODUCTS_DIR)/camera.app/camera";
			};
			name = Release;
		};
		DC14C70F1D00854E008D35B6 /* Debug */ = {
			isa = XCBuildConfiguration;
			buildSettings = {
				INFOPLIST_FILE = cameraUITests/Info.plist;
				LD_RUNPATH_SEARCH_PATHS = "$(inherited) @executable_path/Frameworks @loader_path/Frameworks";
				PRODUCT_BUNDLE_IDENTIFIER = unicooo.cameraUITests;
				PRODUCT_NAME = "$(TARGET_NAME)";
				TEST_TARGET_NAME = camera;
			};
			name = Debug;
		};
		DC14C7101D00854E008D35B6 /* Release */ = {
			isa = XCBuildConfiguration;
			buildSettings = {
				INFOPLIST_FILE = cameraUITests/Info.plist;
				LD_RUNPATH_SEARCH_PATHS = "$(inherited) @executable_path/Frameworks @loader_path/Frameworks";
				PRODUCT_BUNDLE_IDENTIFIER = unicooo.cameraUITests;
				PRODUCT_NAME = "$(TARGET_NAME)";
				TEST_TARGET_NAME = camera;
			};
			name = Release;
		};
/* End XCBuildConfiguration section */

/* Begin XCConfigurationList section */
		DC14C6DB1D00854E008D35B6 /* Build configuration list for PBXProject "camera" */ = {
			isa = XCConfigurationList;
			buildConfigurations = (
				DC14C7061D00854E008D35B6 /* Debug */,
				DC14C7071D00854E008D35B6 /* Release */,
			);
			defaultConfigurationIsVisible = 0;
			defaultConfigurationName = Release;
		};
		DC14C7081D00854E008D35B6 /* Build configuration list for PBXNativeTarget "camera" */ = {
			isa = XCConfigurationList;
			buildConfigurations = (
				DC14C7091D00854E008D35B6 /* Debug */,
				DC14C70A1D00854E008D35B6 /* Release */,
			);
			defaultConfigurationIsVisible = 0;
		};
		DC14C70B1D00854E008D35B6 /* Build configuration list for PBXNativeTarget "cameraTests" */ = {
			isa = XCConfigurationList;
			buildConfigurations = (
				DC14C70C1D00854E008D35B6 /* Debug */,
				DC14C70D1D00854E008D35B6 /* Release */,
			);
			defaultConfigurationIsVisible = 0;
		};
		DC14C70E1D00854E008D35B6 /* Build configuration list for PBXNativeTarget "cameraUITests" */ = {
			isa = XCConfigurationList;
			buildConfigurations = (
				DC14C70F1D00854E008D35B6 /* Debug */,
				DC14C7101D00854E008D35B6 /* Release */,
			);
			defaultConfigurationIsVisible = 0;
		};
/* End XCConfigurationList section */
	};
	rootObject = DC14C6D81D00854E008D35B6 /* Project object */;
}
